
Microsoft Visual Studio Solution File, Format Version 12.00
Project("{FAE04EC0-301F-11D3-BF4B-00C04F79EFBC}") = "second_lab", "second_lab.csproj", "{2367B05C-C013-4043-B609-D6D5B59E6B40}"
EndProject
Global
	GlobalSection(SolutionConfigurationPlatforms) = preSolution
		Debug|Any CPU = Debug|Any CPU
		Release|Any CPU = Release|Any CPU
	EndGlobalSection
	GlobalSection(ProjectConfigurationPlatforms) = postSolution
		{2367B05C-C013-4043-B609-D6D5B59E6B40}.Debug|Any CPU.ActiveCfg = Debug|Any CPU
		{2367B05C-C013-4043-B609-D6D5B59E6B40}.Debug|Any CPU.Build.0 = Debug|Any CPU
		{2367B05C-C013-4043-B609-D6D5B59E6B40}.Release|Any CPU.ActiveCfg = Release|Any CPU
		{2367B05C-C013-4043-B609-D6D5B59E6B40}.Release|Any CPU.Build.0 = Release|Any CPU
	EndGlobalSection
EndGlobal
